
Microsoft Visual Studio Solution File, Format Version 12.00
# Visual Studio Version 16
VisualStudioVersion = 16.0.31624.102
MinimumVisualStudioVersion = 10.0.40219.1
Project("{FAE04EC0-301F-11D3-BF4B-00C04F79EFBC}") = "CriptoTooling.Api", "CriptoTooling.Api\CriptoTooling.Api.csproj", "{3416CC72-E805-421B-AC76-9F0DC672A872}"
EndProject
Global
	GlobalSection(SolutionConfigurationPlatforms) = preSolution
		Debug|Any CPU = Debug|Any CPU
		Release|Any CPU = Release|Any CPU
	EndGlobalSection
	GlobalSection(ProjectConfigurationPlatforms) = postSolution
		{3416CC72-E805-421B-AC76-9F0DC672A872}.Debug|Any CPU.ActiveCfg = Debug|Any CPU
		{3416CC72-E805-421B-AC76-9F0DC672A872}.Debug|Any CPU.Build.0 = Debug|Any CPU
		{3416CC72-E805-421B-AC76-9F0DC672A872}.Release|Any CPU.ActiveCfg = Release|Any CPU
		{3416CC72-E805-421B-AC76-9F0DC672A872}.Release|Any CPU.Build.0 = Release|Any CPU
	EndGlobalSection
	GlobalSection(SolutionProperties) = preSolution
		HideSolutionNode = FALSE
	EndGlobalSection
	GlobalSection(ExtensibilityGlobals) = postSolution
		SolutionGuid = {FE3AD943-77F3-4482-B2E5-099502B8A411}
	EndGlobalSection
EndGlobal
